// !$*UTF8*$!
{
	archiveVersion = 1;
	classes = {
	};
	objectVersion = 55;
	objects = {

/* Begin PBXBuildFile section */
		A91451BB27193C9200CA041D /* AppDelegate.swift in Sources */ = {isa = PBXBuildFile; fileRef = A91451BA27193C9200CA041D /* AppDelegate.swift */; };
		A91451BD27193C9200CA041D /* SceneDelegate.swift in Sources */ = {isa = PBXBuildFile; fileRef = A91451BC27193C9200CA041D /* SceneDelegate.swift */; };
		A91451BF27193C9200CA041D /* HomeViewController.swift in Sources */ = {isa = PBXBuildFile; fileRef = A91451BE27193C9200CA041D /* HomeViewController.swift */; };
		A91451C227193C9200CA041D /* Main.storyboard in Resources */ = {isa = PBXBuildFile; fileRef = A91451C027193C9200CA041D /* Main.storyboard */; };
		A91451C427193C9300CA041D /* Assets.xcassets in Resources */ = {isa = PBXBuildFile; fileRef = A91451C327193C9300CA041D /* Assets.xcassets */; };
		A91451C727193C9300CA041D /* LaunchScreen.storyboard in Resources */ = {isa = PBXBuildFile; fileRef = A91451C527193C9300CA041D /* LaunchScreen.storyboard */; };
		A91451D327193D6000CA041D /* Data.swift in Sources */ = {isa = PBXBuildFile; fileRef = A91451D227193D6000CA041D /* Data.swift */; };
		A91451D527193D8300CA041D /* TvShow.swift in Sources */ = {isa = PBXBuildFile; fileRef = A91451D427193D8300CA041D /* TvShow.swift */; };
		A91451D727193EFA00CA041D /* HomeTableViewCell.swift in Sources */ = {isa = PBXBuildFile; fileRef = A91451D627193EFA00CA041D /* HomeTableViewCell.swift */; };
		A99C7F75271D75B300A431FD /* Kingfisher in Frameworks */ = {isa = PBXBuildFile; productRef = A99C7F74271D75B300A431FD /* Kingfisher */; };
		A99C7F77271D7CCA00A431FD /* DetailTableHeaderFooterView.xib in Resources */ = {isa = PBXBuildFile; fileRef = A99C7F76271D7CCA00A431FD /* DetailTableHeaderFooterView.xib */; };
		A9AA1503271D7102001CCC51 /* DetailTableHeaderFooterView.swift in Sources */ = {isa = PBXBuildFile; fileRef = A9AA1502271D7102001CCC51 /* DetailTableHeaderFooterView.swift */; };
		A9BB0501271AD2D400C9D7E9 /* DetailViewController.swift in Sources */ = {isa = PBXBuildFile; fileRef = A9BB0500271AD2D400C9D7E9 /* DetailViewController.swift */; };
		A9BB0503271AD87100C9D7E9 /* DetailTableViewCell.swift in Sources */ = {isa = PBXBuildFile; fileRef = A9BB0502271AD87100C9D7E9 /* DetailTableViewCell.swift */; };
		A9BB0505271AFF9E00C9D7E9 /* SearchViewController.swift in Sources */ = {isa = PBXBuildFile; fileRef = A9BB0504271AFF9E00C9D7E9 /* SearchViewController.swift */; };
		A9BB0507271B120B00C9D7E9 /* SearchTableViewCell.swift in Sources */ = {isa = PBXBuildFile; fileRef = A9BB0506271B120B00C9D7E9 /* SearchTableViewCell.swift */; };
/* End PBXBuildFile section */

/* Begin PBXFileReference section */
		A91451B727193C9200CA041D /* TrendMedia.app */ = {isa = PBXFileReference; explicitFileType = wrapper.application; includeInIndex = 0; path = TrendMedia.app; sourceTree = BUILT_PRODUCTS_DIR; };
		A91451BA27193C9200CA041D /* AppDelegate.swift */ = {isa = PBXFileReference; lastKnownFileType = sourcecode.swift; path = AppDelegate.swift; sourceTree = "<group>"; };
		A91451BC27193C9200CA041D /* SceneDelegate.swift */ = {isa = PBXFileReference; lastKnownFileType = sourcecode.swift; path = SceneDelegate.swift; sourceTree = "<group>"; };
		A91451BE27193C9200CA041D /* HomeViewController.swift */ = {isa = PBXFileReference; lastKnownFileType = sourcecode.swift; path = HomeViewController.swift; sourceTree = "<group>"; };
		A91451C127193C9200CA041D /* Base */ = {isa = PBXFileReference; lastKnownFileType = file.storyboard; name = Base; path = Base.lproj/Main.storyboard; sourceTree = "<group>"; };
		A91451C327193C9300CA041D /* Assets.xcassets */ = {isa = PBXFileReference; lastKnownFileType = folder.assetcatalog; path = Assets.xcassets; sourceTree = "<group>"; };
		A91451C627193C9300CA041D /* Base */ = {isa = PBXFileReference; lastKnownFileType = file.storyboard; name = Base; path = Base.lproj/LaunchScreen.storyboard; sourceTree = "<group>"; };
		A91451C827193C9300CA041D /* Info.plist */ = {isa = PBXFileReference; lastKnownFileType = text.plist.xml; path = Info.plist; sourceTree = "<group>"; };
		A91451D227193D6000CA041D /* Data.swift */ = {isa = PBXFileReference; lastKnownFileType = sourcecode.swift; path = Data.swift; sourceTree = "<group>"; };
		A91451D427193D8300CA041D /* TvShow.swift */ = {isa = PBXFileReference; lastKnownFileType = sourcecode.swift; path = TvShow.swift; sourceTree = "<group>"; };
		A91451D627193EFA00CA041D /* HomeTableViewCell.swift */ = {isa = PBXFileReference; lastKnownFileType = sourcecode.swift; path = HomeTableViewCell.swift; sourceTree = "<group>"; };
		A99C7F76271D7CCA00A431FD /* DetailTableHeaderFooterView.xib */ = {isa = PBXFileReference; lastKnownFileType = file.xib; path = DetailTableHeaderFooterView.xib; sourceTree = "<group>"; };
		A9AA1502271D7102001CCC51 /* DetailTableHeaderFooterView.swift */ = {isa = PBXFileReference; lastKnownFileType = sourcecode.swift; path = DetailTableHeaderFooterView.swift; sourceTree = "<group>"; };
		A9BB0500271AD2D400C9D7E9 /* DetailViewController.swift */ = {isa = PBXFileReference; lastKnownFileType = sourcecode.swift; path = DetailViewController.swift; sourceTree = "<group>"; };
		A9BB0502271AD87100C9D7E9 /* DetailTableViewCell.swift */ = {isa = PBXFileReference; lastKnownFileType = sourcecode.swift; path = DetailTableViewCell.swift; sourceTree = "<group>"; };
		A9BB0504271AFF9E00C9D7E9 /* SearchViewController.swift */ = {isa = PBXFileReference; lastKnownFileType = sourcecode.swift; path = SearchViewController.swift; sourceTree = "<group>"; };
		A9BB0506271B120B00C9D7E9 /* SearchTableViewCell.swift */ = {isa = PBXFileReference; lastKnownFileType = sourcecode.swift; path = SearchTableViewCell.swift; sourceTree = "<group>"; };
/* End PBXFileReference section */

/* Begin PBXFrameworksBuildPhase section */
		A91451B427193C9200CA041D /* Frameworks */ = {
			isa = PBXFrameworksBuildPhase;
			buildActionMask = 2147483647;
			files = (
				A99C7F75271D75B300A431FD /* Kingfisher in Frameworks */,
			);
			runOnlyForDeploymentPostprocessing = 0;
		};
/* End PBXFrameworksBuildPhase section */

/* Begin PBXGroup section */
		A91451AE27193C9200CA041D = {
			isa = PBXGroup;
			children = (
				A91451B927193C9200CA041D /* TrendMedia */,
				A91451B827193C9200CA041D /* Products */,
			);
			sourceTree = "<group>";
		};
		A91451B827193C9200CA041D /* Products */ = {
			isa = PBXGroup;
			children = (
				A91451B727193C9200CA041D /* TrendMedia.app */,
			);
			name = Products;
			sourceTree = "<group>";
		};
		A91451B927193C9200CA041D /* TrendMedia */ = {
			isa = PBXGroup;
			children = (
				A91451D127193D5500CA041D /* Other */,
				A91451D027193D3B00CA041D /* Model */,
				A91451CF27193D2000CA041D /* View */,
				A91451CE27193CA900CA041D /* ViewController */,
				A91451C827193C9300CA041D /* Info.plist */,
			);
			path = TrendMedia;
			sourceTree = "<group>";
		};
		A91451CE27193CA900CA041D /* ViewController */ = {
			isa = PBXGroup;
			children = (
				A91451BE27193C9200CA041D /* HomeViewController.swift */,
				A9BB0500271AD2D400C9D7E9 /* DetailViewController.swift */,
				A9BB0504271AFF9E00C9D7E9 /* SearchViewController.swift */,
			);
			path = ViewController;
			sourceTree = "<group>";
		};
		A91451CF27193D2000CA041D /* View */ = {
			isa = PBXGroup;
			children = (
				A9AA1505271D7116001CCC51 /* SearchView */,
				A9AA1504271D710E001CCC51 /* HomeView */,
				A9AA1501271D70BD001CCC51 /* DetailView */,
				A91451C027193C9200CA041D /* Main.storyboard */,
				A91451C527193C9300CA041D /* LaunchScreen.storyboard */,
			);
			path = View;
			sourceTree = "<group>";
		};
		A91451D027193D3B00CA041D /* Model */ = {
			isa = PBXGroup;
			children = (
				A91451D427193D8300CA041D /* TvShow.swift */,
			);
			path = Model;
			sourceTree = "<group>";
		};
		A91451D127193D5500CA041D /* Other */ = {
			isa = PBXGroup;
			children = (
				A91451BA27193C9200CA041D /* AppDelegate.swift */,
				A91451BC27193C9200CA041D /* SceneDelegate.swift */,
				A91451C327193C9300CA041D /* Assets.xcassets */,
				A91451D227193D6000CA041D /* Data.swift */,
			);
			path = Other;
			sourceTree = "<group>";
		};
		A9AA1501271D70BD001CCC51 /* DetailView */ = {
			isa = PBXGroup;
			children = (
				A9AA1502271D7102001CCC51 /* DetailTableHeaderFooterView.swift */,
				A9BB0502271AD87100C9D7E9 /* DetailTableViewCell.swift */,
				A99C7F76271D7CCA00A431FD /* DetailTableHeaderFooterView.xib */,
			);
			path = DetailView;
			sourceTree = "<group>";
		};
		A9AA1504271D710E001CCC51 /* HomeView */ = {
			isa = PBXGroup;
			children = (
				A91451D627193EFA00CA041D /* HomeTableViewCell.swift */,
			);
			path = HomeView;
			sourceTree = "<group>";
		};
		A9AA1505271D7116001CCC51 /* SearchView */ = {
			isa = PBXGroup;
			children = (
				A9BB0506271B120B00C9D7E9 /* SearchTableViewCell.swift */,
			);
			path = SearchView;
			sourceTree = "<group>";
		};
/* End PBXGroup section */

/* Begin PBXNativeTarget section */
		A91451B627193C9200CA041D /* TrendMedia */ = {
			isa = PBXNativeTarget;
			buildConfigurationList = A91451CB27193C9300CA041D /* Build configuration list for PBXNativeTarget "TrendMedia" */;
			buildPhases = (
				A91451B327193C9200CA041D /* Sources */,
				A91451B427193C9200CA041D /* Frameworks */,
				A91451B527193C9200CA041D /* Resources */,
			);
			buildRules = (
			);
			dependencies = (
			);
			name = TrendMedia;
			packageProductDependencies = (
				A99C7F74271D75B300A431FD /* Kingfisher */,
			);
			productName = TrendMedia;
			productReference = A91451B727193C9200CA041D /* TrendMedia.app */;
			productType = "com.apple.product-type.application";
		};
/* End PBXNativeTarget section */

/* Begin PBXProject section */
		A91451AF27193C9200CA041D /* Project object */ = {
			isa = PBXProject;
			attributes = {
				BuildIndependentTargetsInParallel = 1;
				LastSwiftUpdateCheck = 1300;
				LastUpgradeCheck = 1300;
				TargetAttributes = {
					A91451B627193C9200CA041D = {
						CreatedOnToolsVersion = 13.0;
					};
				};
			};
			buildConfigurationList = A91451B227193C9200CA041D /* Build configuration list for PBXProject "TrendMedia" */;
			compatibilityVersion = "Xcode 13.0";
			developmentRegion = en;
			hasScannedForEncodings = 0;
			knownRegions = (
				en,
				Base,
			);
			mainGroup = A91451AE27193C9200CA041D;
			packageReferences = (
				A99C7F73271D75B300A431FD /* XCRemoteSwiftPackageReference "Kingfisher" */,
			);
			productRefGroup = A91451B827193C9200CA041D /* Products */;
			projectDirPath = "";
			projectRoot = "";
			targets = (
				A91451B627193C9200CA041D /* TrendMedia */,
			);
		};
/* End PBXProject section */

/* Begin PBXResourcesBuildPhase section */
		A91451B527193C9200CA041D /* Resources */ = {
			isa = PBXResourcesBuildPhase;
			buildActionMask = 2147483647;
			files = (
				A91451C727193C9300CA041D /* LaunchScreen.storyboard in Resources */,
				A91451C427193C9300CA041D /* Assets.xcassets in Resources */,
				A99C7F77271D7CCA00A431FD /* DetailTableHeaderFooterView.xib in Resources */,
				A91451C227193C9200CA041D /* Main.storyboard in Resources */,
			);
			runOnlyForDeploymentPostprocessing = 0;
		};
/* End PBXResourcesBuildPhase section */

/* Begin PBXSourcesBuildPhase section */
		A91451B327193C9200CA041D /* Sources */ = {
			isa = PBXSourcesBuildPhase;
			buildActionMask = 2147483647;
			files = (
				A91451D727193EFA00CA041D /* HomeTableViewCell.swift in Sources */,
				A9AA1503271D7102001CCC51 /* DetailTableHeaderFooterView.swift in Sources */,
				A91451BF27193C9200CA041D /* HomeViewController.swift in Sources */,
				A9BB0503271AD87100C9D7E9 /* DetailTableViewCell.swift in Sources */,
				A9BB0505271AFF9E00C9D7E9 /* SearchViewController.swift in Sources */,
				A91451BB27193C9200CA041D /* AppDelegate.swift in Sources */,
				A91451D527193D8300CA041D /* TvShow.swift in Sources */,
				A91451BD27193C9200CA041D /* SceneDelegate.swift in Sources */,
				A91451D327193D6000CA041D /* Data.swift in Sources */,
				A9BB0501271AD2D400C9D7E9 /* DetailViewController.swift in Sources */,
				A9BB0507271B120B00C9D7E9 /* SearchTableViewCell.swift in Sources */,
			);
			runOnlyForDeploymentPostprocessing = 0;
		};
/* End PBXSourcesBuildPhase section */

/* Begin PBXVariantGroup section */
		A91451C027193C9200CA041D /* Main.storyboard */ = {
			isa = PBXVariantGroup;
			children = (
				A91451C127193C9200CA041D /* Base */,
			);
			name = Main.storyboard;
			sourceTree = "<group>";
		};
		A91451C527193C9300CA041D /* LaunchScreen.storyboard */ = {
			isa = PBXVariantGroup;
			children = (
				A91451C627193C9300CA041D /* Base */,
			);
			name = LaunchScreen.storyboard;
			sourceTree = "<group>";
		};
/* End PBXVariantGroup section */

/* Begin XCBuildConfiguration section */
		A91451C927193C9300CA041D /* Debug */ = {
			isa = XCBuildConfiguration;
			buildSettings = {
				ALWAYS_SEARCH_USER_PATHS = NO;
				CLANG_ANALYZER_NONNULL = YES;
				CLANG_ANALYZER_NUMBER_OBJECT_CONVERSION = YES_AGGRESSIVE;
				CLANG_CXX_LANGUAGE_STANDARD = "gnu++17";
				CLANG_CXX_LIBRARY = "libc++";
				CLANG_ENABLE_MODULES = YES;
				CLANG_ENABLE_OBJC_ARC = YES;
				CLANG_ENABLE_OBJC_WEAK = YES;
				CLANG_WARN_BLOCK_CAPTURE_AUTORELEASING = YES;
				CLANG_WARN_BOOL_CONVERSION = YES;
				CLANG_WARN_COMMA = YES;
				CLANG_WARN_CONSTANT_CONVERSION = YES;
				CLANG_WARN_DEPRECATED_OBJC_IMPLEMENTATIONS = YES;
				CLANG_WARN_DIRECT_OBJC_ISA_USAGE = YES_ERROR;
				CLANG_WARN_DOCUMENTATION_COMMENTS = YES;
				CLANG_WARN_EMPTY_BODY = YES;
				CLANG_WARN_ENUM_CONVERSION = YES;
				CLANG_WARN_INFINITE_RECURSION = YES;
				CLANG_WARN_INT_CONVERSION = YES;
				CLANG_WARN_NON_LITERAL_NULL_CONVERSION = YES;
				CLANG_WARN_OBJC_IMPLICIT_RETAIN_SELF = YES;
				CLANG_WARN_OBJC_LITERAL_CONVERSION = YES;
				CLANG_WARN_OBJC_ROOT_CLASS = YES_ERROR;
				CLANG_WARN_QUOTED_INCLUDE_IN_FRAMEWORK_HEADER = YES;
				CLANG_WARN_RANGE_LOOP_ANALYSIS = YES;
				CLANG_WARN_STRICT_PROTOTYPES = YES;
				CLANG_WARN_SUSPICIOUS_MOVE = YES;
				CLANG_WARN_UNGUARDED_AVAILABILITY = YES_AGGRESSIVE;
				CLANG_WARN_UNREACHABLE_CODE = YES;
				CLANG_WARN__DUPLICATE_METHOD_MATCH = YES;
				COPY_PHASE_STRIP = NO;
				DEBUG_INFORMATION_FORMAT = dwarf;
				ENABLE_STRICT_OBJC_MSGSEND = YES;
				ENABLE_TESTABILITY = YES;
				GCC_C_LANGUAGE_STANDARD = gnu11;
				GCC_DYNAMIC_NO_PIC = NO;
				GCC_NO_COMMON_BLOCKS = YES;
				GCC_OPTIMIZATION_LEVEL = 0;
				GCC_PREPROCESSOR_DEFINITIONS = (
					"DEBUG=1",
					"$(inherited)",
				);
				GCC_WARN_64_TO_32_BIT_CONVERSION = YES;
				GCC_WARN_ABOUT_RETURN_TYPE = YES_ERROR;
				GCC_WARN_UNDECLARED_SELECTOR = YES;
				GCC_WARN_UNINITIALIZED_AUTOS = YES_AGGRESSIVE;
				GCC_WARN_UNUSED_FUNCTION = YES;
				GCC_WARN_UNUSED_VARIABLE = YES;
				IPHONEOS_DEPLOYMENT_TARGET = 15.0;
				MTL_ENABLE_DEBUG_INFO = INCLUDE_SOURCE;
				MTL_FAST_MATH = YES;
				ONLY_ACTIVE_ARCH = YES;
				SDKROOT = iphoneos;
				SWIFT_ACTIVE_COMPILATION_CONDITIONS = DEBUG;
				SWIFT_OPTIMIZATION_LEVEL = "-Onone";
			};
			name = Debug;
		};
		A91451CA27193C9300CA041D /* Release */ = {
			isa = XCBuildConfiguration;
			buildSettings = {
				ALWAYS_SEARCH_USER_PATHS = NO;
				CLANG_ANALYZER_NONNULL = YES;
				CLANG_ANALYZER_NUMBER_OBJECT_CONVERSION = YES_AGGRESSIVE;
				CLANG_CXX_LANGUAGE_STANDARD = "gnu++17";
				CLANG_CXX_LIBRARY = "libc++";
				CLANG_ENABLE_MODULES = YES;
				CLANG_ENABLE_OBJC_ARC = YES;
				CLANG_ENABLE_OBJC_WEAK = YES;
				CLANG_WARN_BLOCK_CAPTURE_AUTORELEASING = YES;
				CLANG_WARN_BOOL_CONVERSION = YES;
				CLANG_WARN_COMMA = YES;
				CLANG_WARN_CONSTANT_CONVERSION = YES;
				CLANG_WARN_DEPRECATED_OBJC_IMPLEMENTATIONS = YES;
				CLANG_WARN_DIRECT_OBJC_ISA_USAGE = YES_ERROR;
				CLANG_WARN_DOCUMENTATION_COMMENTS = YES;
				CLANG_WARN_EMPTY_BODY = YES;
				CLANG_WARN_ENUM_CONVERSION = YES;
				CLANG_WARN_INFINITE_RECURSION = YES;
				CLANG_WARN_INT_CONVERSION = YES;
				CLANG_WARN_NON_LITERAL_NULL_CONVERSION = YES;
				CLANG_WARN_OBJC_IMPLICIT_RETAIN_SELF = YES;
				CLANG_WARN_OBJC_LITERAL_CONVERSION = YES;
				CLANG_WARN_OBJC_ROOT_CLASS = YES_ERROR;
				CLANG_WARN_QUOTED_INCLUDE_IN_FRAMEWORK_HEADER = YES;
				CLANG_WARN_RANGE_LOOP_ANALYSIS = YES;
				CLANG_WARN_STRICT_PROTOTYPES = YES;
				CLANG_WARN_SUSPICIOUS_MOVE = YES;
				CLANG_WARN_UNGUARDED_AVAILABILITY = YES_AGGRESSIVE;
				CLANG_WARN_UNREACHABLE_CODE = YES;
				CLANG_WARN__DUPLICATE_METHOD_MATCH = YES;
				COPY_PHASE_STRIP = NO;
				DEBUG_INFORMATION_FORMAT = "dwarf-with-dsym";
				ENABLE_NS_ASSERTIONS = NO;
				ENABLE_STRICT_OBJC_MSGSEND = YES;
				GCC_C_LANGUAGE_STANDARD = gnu11;
				GCC_NO_COMMON_BLOCKS = YES;
				GCC_WARN_64_TO_32_BIT_CONVERSION = YES;
				GCC_WARN_ABOUT_RETURN_TYPE = YES_ERROR;
				GCC_WARN_UNDECLARED_SELECTOR = YES;
				GCC_WARN_UNINITIALIZED_AUTOS = YES_AGGRESSIVE;
				GCC_WARN_UNUSED_FUNCTION = YES;
				GCC_WARN_UNUSED_VARIABLE = YES;
				IPHONEOS_DEPLOYMENT_TARGET = 15.0;
				MTL_ENABLE_DEBUG_INFO = NO;
				MTL_FAST_MATH = YES;
				SDKROOT = iphoneos;
				SWIFT_COMPILATION_MODE = wholemodule;
				SWIFT_OPTIMIZATION_LEVEL = "-O";
				VALIDATE_PRODUCT = YES;
			};
			name = Release;
		};
		A91451CC27193C9300CA041D /* Debug */ = {
			isa = XCBuildConfiguration;
			buildSettings = {
				ASSETCATALOG_COMPILER_APPICON_NAME = AppIcon;
				ASSETCATALOG_COMPILER_GLOBAL_ACCENT_COLOR_NAME = AccentColor;
				CODE_SIGN_STYLE = Automatic;
				CURRENT_PROJECT_VERSION = 1;
				DEVELOPMENT_TEAM = J2BXCFFMKP;
				GENERATE_INFOPLIST_FILE = YES;
				INFOPLIST_FILE = TrendMedia/Info.plist;
				INFOPLIST_KEY_UIApplicationSupportsIndirectInputEvents = YES;
				INFOPLIST_KEY_UILaunchStoryboardName = LaunchScreen;
				INFOPLIST_KEY_UIMainStoryboardFile = Main;
				INFOPLIST_KEY_UISupportedInterfaceOrientations = UIInterfaceOrientationPortrait;
				INFOPLIST_KEY_UISupportedInterfaceOrientations_iPad = "UIInterfaceOrientationPortrait UIInterfaceOrientationPortraitUpsideDown UIInterfaceOrientationLandscapeLeft UIInterfaceOrientationLandscapeRight";
				INFOPLIST_KEY_UISupportedInterfaceOrientations_iPhone = "UIInterfaceOrientationPortrait UIInterfaceOrientationLandscapeLeft UIInterfaceOrientationLandscapeRight";
				IPHONEOS_DEPLOYMENT_TARGET = 13.0;
				LD_RUNPATH_SEARCH_PATHS = (
					"$(inherited)",
					"@executable_path/Frameworks",
				);
				MARKETING_VERSION = 1.0;
				PRODUCT_BUNDLE_IDENTIFIER = com.headingtodev.TrendMedia;
				PRODUCT_NAME = "$(TARGET_NAME)";
				SWIFT_EMIT_LOC_STRINGS = YES;
				SWIFT_VERSION = 5.0;
				TARGETED_DEVICE_FAMILY = 1;
			};
			name = Debug;
		};
		A91451CD27193C9300CA041D /* Release */ = {
			isa = XCBuildConfiguration;
			buildSettings = {
				ASSETCATALOG_COMPILER_APPICON_NAME = AppIcon;
				ASSETCATALOG_COMPILER_GLOBAL_ACCENT_COLOR_NAME = AccentColor;
				CODE_SIGN_STYLE = Automatic;
				CURRENT_PROJECT_VERSION = 1;
				DEVELOPMENT_TEAM = J2BXCFFMKP;
				GENERATE_INFOPLIST_FILE = YES;
				INFOPLIST_FILE = TrendMedia/Info.plist;
				INFOPLIST_KEY_UIApplicationSupportsIndirectInputEvents = YES;
				INFOPLIST_KEY_UILaunchStoryboardName = LaunchScreen;
				INFOPLIST_KEY_UIMainStoryboardFile = Main;
				INFOPLIST_KEY_UISupportedInterfaceOrientations = UIInterfaceOrientationPortrait;
				INFOPLIST_KEY_UISupportedInterfaceOrientations_iPad = "UIInterfaceOrientationPortrait UIInterfaceOrientationPortraitUpsideDown UIInterfaceOrientationLandscapeLeft UIInterfaceOrientationLandscapeRight";
				INFOPLIST_KEY_UISupportedInterfaceOrientations_iPhone = "UIInterfaceOrientationPortrait UIInterfaceOrientationLandscapeLeft UIInterfaceOrientationLandscapeRight";
				IPHONEOS_DEPLOYMENT_TARGET = 13.0;
				LD_RUNPATH_SEARCH_PATHS = (
					"$(inherited)",
					"@executable_path/Frameworks",
				);
				MARKETING_VERSION = 1.0;
				PRODUCT_BUNDLE_IDENTIFIER = com.headingtodev.TrendMedia;
				PRODUCT_NAME = "$(TARGET_NAME)";
				SWIFT_EMIT_LOC_STRINGS = YES;
				SWIFT_VERSION = 5.0;
				TARGETED_DEVICE_FAMILY = 1;
			};
			name = Release;
		};
/* End XCBuildConfiguration section */

/* Begin XCConfigurationList section */
		A91451B227193C9200CA041D /* Build configuration list for PBXProject "TrendMedia" */ = {
			isa = XCConfigurationList;
			buildConfigurations = (
				A91451C927193C9300CA041D /* Debug */,
				A91451CA27193C9300CA041D /* Release */,
			);
			defaultConfigurationIsVisible = 0;
			defaultConfigurationName = Release;
		};
		A91451CB27193C9300CA041D /* Build configuration list for PBXNativeTarget "TrendMedia" */ = {
			isa = XCConfigurationList;
			buildConfigurations = (
				A91451CC27193C9300CA041D /* Debug */,
				A91451CD27193C9300CA041D /* Release */,
			);
			defaultConfigurationIsVisible = 0;
			defaultConfigurationName = Release;
		};
/* End XCConfigurationList section */

/* Begin XCRemoteSwiftPackageReference section */
		A99C7F73271D75B300A431FD /* XCRemoteSwiftPackageReference "Kingfisher" */ = {
			isa = XCRemoteSwiftPackageReference;
			repositoryURL = "https://github.com/onevcat/Kingfisher.git";
			requirement = {
				kind = upToNextMajorVersion;
				minimumVersion = 7.0.0;
			};
		};
/* End XCRemoteSwiftPackageReference section */

/* Begin XCSwiftPackageProductDependency section */
		A99C7F74271D75B300A431FD /* Kingfisher */ = {
			isa = XCSwiftPackageProductDependency;
			package = A99C7F73271D75B300A431FD /* XCRemoteSwiftPackageReference "Kingfisher" */;
			productName = Kingfisher;
		};
/* End XCSwiftPackageProductDependency section */
	};
	rootObject = A91451AF27193C9200CA041D /* Project object */;
}
